
Microsoft Visual Studio Solution File, Format Version 12.00
# Visual Studio Version 16
VisualStudioVersion = 16.0.29806.167
MinimumVisualStudioVersion = 10.0.40219.1
Project("{9A19103F-16F7-4668-BE54-9A1E7A4F7556}") = "BlazorApp", "BlazorApp\BlazorApp.csproj", "{F1ACA4B5-071D-48E1-8006-03D298A10F5E}"
EndProject
Global
	GlobalSection(SolutionConfigurationPlatforms) = preSolution
		Debug|Any CPU = Debug|Any CPU
		Release|Any CPU = Release|Any CPU
	EndGlobalSection
	GlobalSection(ProjectConfigurationPlatforms) = postSolution
		{F1ACA4B5-071D-48E1-8006-03D298A10F5E}.Debug|Any CPU.ActiveCfg = Debug|Any CPU
		{F1ACA4B5-071D-48E1-8006-03D298A10F5E}.Debug|Any CPU.Build.0 = Debug|Any CPU
		{F1ACA4B5-071D-48E1-8006-03D298A10F5E}.Release|Any CPU.ActiveCfg = Release|Any CPU
		{F1ACA4B5-071D-48E1-8006-03D298A10F5E}.Release|Any CPU.Build.0 = Release|Any CPU
	EndGlobalSection
	GlobalSection(SolutionProperties) = preSolution
		HideSolutionNode = FALSE
	EndGlobalSection
	GlobalSection(ExtensibilityGlobals) = postSolution
		SolutionGuid = {4615F6A0-C30C-4924-8491-783114E5AEC7}
	EndGlobalSection
EndGlobal
